
Microsoft Visual Studio Solution File, Format Version 12.00
# Visual Studio Version 16
VisualStudioVersion = 16.0.31424.327
MinimumVisualStudioVersion = 10.0.40219.1
Project("{FAE04EC0-301F-11D3-BF4B-00C04F79EFBC}") = "WordlistGenerator", "WordlistGenerator\WordlistGenerator.csproj", "{A715330B-7453-4C9F-8994-76B24EF8D669}"
EndProject
Global
	GlobalSection(SolutionConfigurationPlatforms) = preSolution
		Debug|Any CPU = Debug|Any CPU
		Release|Any CPU = Release|Any CPU
	EndGlobalSection
	GlobalSection(ProjectConfigurationPlatforms) = postSolution
		{A715330B-7453-4C9F-8994-76B24EF8D669}.Debug|Any CPU.ActiveCfg = Debug|Any CPU
		{A715330B-7453-4C9F-8994-76B24EF8D669}.Debug|Any CPU.Build.0 = Debug|Any CPU
		{A715330B-7453-4C9F-8994-76B24EF8D669}.Release|Any CPU.ActiveCfg = Release|Any CPU
		{A715330B-7453-4C9F-8994-76B24EF8D669}.Release|Any CPU.Build.0 = Release|Any CPU
	EndGlobalSection
	GlobalSection(SolutionProperties) = preSolution
		HideSolutionNode = FALSE
	EndGlobalSection
	GlobalSection(ExtensibilityGlobals) = postSolution
		SolutionGuid = {0DC22079-AB58-4450-B8FC-2D0AABE457D6}
	EndGlobalSection
EndGlobal
